lockfile_version: '1'
generated_at: '2026-06-27T11:09:52.591166+00:00'
apm_version: 0.18.0
dependencies:
- repo_url: maro114510/skills
  host: github.com
  resolved_commit: 67c84ac48091ed9b1c7543dc32e745c789b14a52
  package_type: marketplace_plugin
  deployed_files:
  - .agents/skills/create-github-issues
  - .agents/skills/create-pr
  - .agents/skills/frame-problem
  - .agents/skills/ja-style-check
  - .agents/skills/md-review
  - .agents/skills/pr-doc-review-pe
  - .agents/skills/pr-lessons
  - .agents/skills/pr-review-pe
  - .agents/skills/security-review
  - .agents/skills/skill-cleaner
  - .agents/skills/tdd-test-cases
  - .agents/skills/why-man
  - .claude/skills/create-github-issues
  - .claude/skills/create-pr
  - .claude/skills/frame-problem
  - .claude/skills/ja-style-check
  - .claude/skills/md-review
  - .claude/skills/pr-doc-review-pe
  - .claude/skills/pr-lessons
  - .claude/skills/pr-review-pe
  - .claude/skills/security-review
  - .claude/skills/skill-cleaner
  - .claude/skills/tdd-test-cases
  - .claude/skills/why-man
  content_hash: sha256:74e8b5bb37bd8184874879763e9083c23bc994cfb96049c79ce9b9d5fd47b8fc
- repo_url: mattpocock/skills
  host: github.com
  resolved_commit: 5d78bd0903420f97c791f834201e550c765699f8
  virtual_path: skills/productivity/grill-me
  is_virtual: true
  package_type: claude_skill
  deployed_files:
  - .agents/skills/grill-me
  - .claude/skills/grill-me
  content_hash: sha256:f321507f77702a54af1db66549ec1685fc625390d06c57d7949cdcda8eb1b5c7
- repo_url: mizchi/skills
  host: github.com
  resolved_commit: d7999453cdb4e0e09df1c7f82fd23752539c546c
  virtual_path: meta/empirical-prompt-tuning
  is_virtual: true
  package_type: claude_skill
  deployed_files:
  - .agents/skills/empirical-prompt-tuning
  - .claude/skills/empirical-prompt-tuning
  content_hash: sha256:20e7fba93c7267ba6e3a7b27787ca49191b762dffcfb804b01da9183b1b0c891
- repo_url: yoshiko-pg/difit
  host: github.com
  resolved_commit: 15cb7dc558c705363496256376f39455c7177daf
  package_type: skill_bundle
  deployed_files:
  - .agents/skills/difit
  - .agents/skills/difit-review
  - .claude/skills/difit
  - .claude/skills/difit-review
  content_hash: sha256:d046a9656ebdcac8b382f3d1732ff79acb62fc859223539c4c4e365b8129f3ae
